// !$*UTF8*$!
{
	archiveVersion = 1;
	classes = {
	};
	objectVersion = 51;
	objects = {

/* Begin PBXBuildFile section */
		88664AE6AB47D88E06C7C5C1 /* Pods_CreateUser.framework in Frameworks */ = {isa = PBXBuildFile; fileRef = A583EA7EEC1B94AF58113815 /* Pods_CreateUser.framework */; };
		BCC482162560DA7E00696FB6 /* AppDelegate.swift in Sources */ = {isa = PBXBuildFile; fileRef = BCC482152560DA7E00696FB6 /* AppDelegate.swift */; };
		BCC482182560DA7E00696FB6 /* SceneDelegate.swift in Sources */ = {isa = PBXBuildFile; fileRef = BCC482172560DA7E00696FB6 /* SceneDelegate.swift */; };
		BCC4821A2560DA7E00696FB6 /* ViewController.swift in Sources */ = {isa = PBXBuildFile; fileRef = BCC482192560DA7E00696FB6 /* ViewController.swift */; };
		BCC4821D2560DA7E00696FB6 /* Main.storyboard in Resources */ = {isa = PBXBuildFile; fileRef = BCC4821B2560DA7E00696FB6 /* Main.storyboard */; };
		BCC4821F2560DA8600696FB6 /* Assets.xcassets in Resources */ = {isa = PBXBuildFile; fileRef = BCC4821E2560DA8600696FB6 /* Assets.xcassets */; };
		BCC482222560DA8600696FB6 /* LaunchScreen.storyboard in Resources */ = {isa = PBXBuildFile; fileRef = BCC482202560DA8600696FB6 /* LaunchScreen.storyboard */; };
		BCC4822B2560E38500696FB6 /* GoogleService-Info.plist in Resources */ = {isa = PBXBuildFile; fileRef = BCC4822A2560E33E00696FB6 /* GoogleService-Info.plist */; };
		BCC48231256101B800696FB6 /* Utilities.swift in Sources */ = {isa = PBXBuildFile; fileRef = BCC48230256101B700696FB6 /* Utilities.swift */; };
		BCC482352561E91300696FB6 /* DashboardViewController.swift in Sources */ = {isa = PBXBuildFile; fileRef = BCC482342561E91300696FB6 /* DashboardViewController.swift */; };
/* End PBXBuildFile section */

/* Begin PBXFileReference section */
		A583EA7EEC1B94AF58113815 /* Pods_CreateUser.framework */ = {isa = PBXFileReference; explicitFileType = wrapper.framework; includeInIndex = 0; path = Pods_CreateUser.framework; sourceTree = BUILT_PRODUCTS_DIR; };
		B285FF2C373C363D0162A037 /* Pods-CreateUser.release.xcconfig */ = {isa = PBXFileReference; includeInIndex = 1; lastKnownFileType = text.xcconfig; name = "Pods-CreateUser.release.xcconfig"; path = "Target Support Files/Pods-CreateUser/Pods-CreateUser.release.xcconfig"; sourceTree = "<group>"; };
		BCC482122560DA7E00696FB6 /* CreateUser.app */ = {isa = PBXFileReference; explicitFileType = wrapper.application; includeInIndex = 0; path = CreateUser.app; sourceTree = BUILT_PRODUCTS_DIR; };
		BCC482152560DA7E00696FB6 /* AppDelegate.swift */ = {isa = PBXFileReference; lastKnownFileType = sourcecode.swift; path = AppDelegate.swift; sourceTree = "<group>"; };
		BCC482172560DA7E00696FB6 /* SceneDelegate.swift */ = {isa = PBXFileReference; lastKnownFileType = sourcecode.swift; path = SceneDelegate.swift; sourceTree = "<group>"; };
		BCC482192560DA7E00696FB6 /* ViewController.swift */ = {isa = PBXFileReference; lastKnownFileType = sourcecode.swift; path = ViewController.swift; sourceTree = "<group>"; };
		BCC4821C2560DA7E00696FB6 /* Base */ = {isa = PBXFileReference; lastKnownFileType = file.storyboard; name = Base; path = Base.lproj/Main.storyboard; sourceTree = "<group>"; };
		BCC4821E2560DA8600696FB6 /* Assets.xcassets */ = {isa = PBXFileReference; lastKnownFileType = folder.assetcatalog; path = Assets.xcassets; sourceTree = "<group>"; };
		BCC482212560DA8600696FB6 /* Base */ = {isa = PBXFileReference; lastKnownFileType = file.storyboard; name = Base; path = Base.lproj/LaunchScreen.storyboard; sourceTree = "<group>"; };
		BCC482232560DA8600696FB6 /* Info.plist */ = {isa = PBXFileReference; lastKnownFileType = text.plist.xml; path = Info.plist; sourceTree = "<group>"; };
		BCC4822A2560E33E00696FB6 /* GoogleService-Info.plist */ = {isa = PBXFileReference; lastKnownFileType = text.plist.xml; path = "GoogleService-Info.plist"; sourceTree = "<group>"; };
		BCC48230256101B700696FB6 /* Utilities.swift */ = {isa = PBXFileReference; lastKnownFileType = sourcecode.swift; path = Utilities.swift; sourceTree = "<group>"; };
		BCC482342561E91300696FB6 /* DashboardViewController.swift */ = {isa = PBXFileReference; lastKnownFileType = sourcecode.swift; path = DashboardViewController.swift; sourceTree = "<group>"; };
		F3A6E8837101D99528417702 /* Pods-CreateUser.debug.xcconfig */ = {isa = PBXFileReference; includeInIndex = 1; lastKnownFileType = text.xcconfig; name = "Pods-CreateUser.debug.xcconfig"; path = "Target Support Files/Pods-CreateUser/Pods-CreateUser.debug.xcconfig"; sourceTree = "<group>"; };
/* End PBXFileReference section */

/* Begin PBXFrameworksBuildPhase section */
		BCC4820F2560DA7E00696FB6 /* Frameworks */ = {
			isa = PBXFrameworksBuildPhase;
			buildActionMask = 2147483647;
			files = (
				88664AE6AB47D88E06C7C5C1 /* Pods_CreateUser.framework in Frameworks */,
			);
			runOnlyForDeploymentPostprocessing = 0;
		};
/* End PBXFrameworksBuildPhase section */

/* Begin PBXGroup section */
		BCC482092560DA7E00696FB6 = {
			isa = PBXGroup;
			children = (
				BCC482142560DA7E00696FB6 /* CreateUser */,
				BCC482132560DA7E00696FB6 /* Products */,
				DB666FE5EC782958AAA2F881 /* Pods */,
				DC3357524C2141B687201011 /* Frameworks */,
			);
			sourceTree = "<group>";
		};
		BCC482132560DA7E00696FB6 /* Products */ = {
			isa = PBXGroup;
			children = (
				BCC482122560DA7E00696FB6 /* CreateUser.app */,
			);
			name = Products;
			sourceTree = "<group>";
		};
		BCC482142560DA7E00696FB6 /* CreateUser */ = {
			isa = PBXGroup;
			children = (
				BCC4822F2561015800696FB6 /* Utilities */,
				BCC482152560DA7E00696FB6 /* AppDelegate.swift */,
				BCC482172560DA7E00696FB6 /* SceneDelegate.swift */,
				BCC482192560DA7E00696FB6 /* ViewController.swift */,
				BCC482342561E91300696FB6 /* DashboardViewController.swift */,
				BCC4821B2560DA7E00696FB6 /* Main.storyboard */,
				BCC4821E2560DA8600696FB6 /* Assets.xcassets */,
				BCC482202560DA8600696FB6 /* LaunchScreen.storyboard */,
				BCC4822A2560E33E00696FB6 /* GoogleService-Info.plist */,
				BCC482232560DA8600696FB6 /* Info.plist */,
			);
			path = CreateUser;
			sourceTree = "<group>";
		};
		BCC4822F2561015800696FB6 /* Utilities */ = {
			isa = PBXGroup;
			children = (
				BCC48230256101B700696FB6 /* Utilities.swift */,
			);
			path = Utilities;
			sourceTree = "<group>";
		};
		DB666FE5EC782958AAA2F881 /* Pods */ = {
			isa = PBXGroup;
			children = (
				F3A6E8837101D99528417702 /* Pods-CreateUser.debug.xcconfig */,
				B285FF2C373C363D0162A037 /* Pods-CreateUser.release.xcconfig */,
			);
			path = Pods;
			sourceTree = "<group>";
		};
		DC3357524C2141B687201011 /* Frameworks */ = {
			isa = PBXGroup;
			children = (
				A583EA7EEC1B94AF58113815 /* Pods_CreateUser.framework */,
			);
			name = Frameworks;
			sourceTree = "<group>";
		};
/* End PBXGroup section */

/* Begin PBXNativeTarget section */
		BCC482112560DA7E00696FB6 /* CreateUser */ = {
			isa = PBXNativeTarget;
			buildConfigurationList = BCC482262560DA8600696FB6 /* Build configuration list for PBXNativeTarget "CreateUser" */;
			buildPhases = (
				995853165CA5E681C6B5A2C7 /* [CP] Check Pods Manifest.lock */,
				BCC4820E2560DA7E00696FB6 /* Sources */,
				BCC4820F2560DA7E00696FB6 /* Frameworks */,
				BCC482102560DA7E00696FB6 /* Resources */,
				8BE9A1E5DDAAA8E1527473F4 /* [CP] Embed Pods Frameworks */,
			);
			buildRules = (
			);
			dependencies = (
			);
			name = CreateUser;
			productName = CreateUser;
			productReference = BCC482122560DA7E00696FB6 /* CreateUser.app */;
			productType = "com.apple.product-type.application";
		};
/* End PBXNativeTarget section */

/* Begin PBXProject section */
		BCC4820A2560DA7E00696FB6 /* Project object */ = {
			isa = PBXProject;
			attributes = {
				LastSwiftUpdateCheck = 1200;
				LastUpgradeCheck = 1200;
				TargetAttributes = {
					BCC482112560DA7E00696FB6 = {
						CreatedOnToolsVersion = 12.0.1;
					};
				};
			};
			buildConfigurationList = BCC4820D2560DA7E00696FB6 /* Build configuration list for PBXProject "CreateUser" */;
			compatibilityVersion = "Xcode 9.3";
			developmentRegion = en;
			hasScannedForEncodings = 0;
			knownRegions = (
				en,
				Base,
			);
			mainGroup = BCC482092560DA7E00696FB6;
			productRefGroup = BCC482132560DA7E00696FB6 /* Products */;
			projectDirPath = "";
			projectRoot = "";
			targets = (
				BCC482112560DA7E00696FB6 /* CreateUser */,
			);
		};
/* End PBXProject section */

/* Begin PBXResourcesBuildPhase section */
		BCC482102560DA7E00696FB6 /* Resources */ = {
			isa = PBXResourcesBuildPhase;
			buildActionMask = 2147483647;
			files = (
				BCC482222560DA8600696FB6 /* LaunchScreen.storyboard in Resources */,
				BCC4822B2560E38500696FB6 /* GoogleService-Info.plist in Resources */,
				BCC4821F2560DA8600696FB6 /* Assets.xcassets in Resources */,
				BCC4821D2560DA7E00696FB6 /* Main.storyboard in Resources */,
			);
			runOnlyForDeploymentPostprocessing = 0;
		};
/* End PBXResourcesBuildPhase section */

/* Begin PBXShellScriptBuildPhase section */
		8BE9A1E5DDAAA8E1527473F4 /* [CP] Embed Pods Frameworks */ = {
			isa = PBXShellScriptBuildPhase;
			buildActionMask = 2147483647;
			files = (
			);
			inputFileListPaths = (
				"${PODS_ROOT}/Target Support Files/Pods-CreateUser/Pods-CreateUser-frameworks-${CONFIGURATION}-input-files.xcfilelist",
			);
			name = "[CP] Embed Pods Frameworks";
			outputFileListPaths = (
				"${PODS_ROOT}/Target Support Files/Pods-CreateUser/Pods-CreateUser-frameworks-${CONFIGURATION}-output-files.xcfilelist",
			);
			runOnlyForDeploymentPostprocessing = 0;
			shellPath = /bin/sh;
			shellScript = "\"${PODS_ROOT}/Target Support Files/Pods-CreateUser/Pods-CreateUser-frameworks.sh\"\n";
			showEnvVarsInLog = 0;
		};
		995853165CA5E681C6B5A2C7 /* [CP] Check Pods Manifest.lock */ = {
			isa = PBXShellScriptBuildPhase;
			buildActionMask = 2147483647;
			files = (
			);
			inputFileListPaths = (
			);
			inputPaths = (
				"${PODS_PODFILE_DIR_PATH}/Podfile.lock",
				"${PODS_ROOT}/Manifest.lock",
			);
			name = "[CP] Check Pods Manifest.lock";
			outputFileListPaths = (
			);
			outputPaths = (
				"$(DERIVED_FILE_DIR)/Pods-CreateUser-checkManifestLockResult.txt",
			);
			runOnlyForDeploymentPostprocessing = 0;
			shellPath = /bin/sh;
			shellScript = "diff \"${PODS_PODFILE_DIR_PATH}/Podfile.lock\" \"${PODS_ROOT}/Manifest.lock\" > /dev/null\nif [ $? != 0 ] ; then\n    # print error to STDERR\n    echo \"error: The sandbox is not in sync with the Podfile.lock. Run 'pod install' or update your CocoaPods installation.\" >&2\n    exit 1\nfi\n# This output is used by Xcode 'outputs' to avoid re-running this script phase.\necho \"SUCCESS\" > \"${SCRIPT_OUTPUT_FILE_0}\"\n";
			showEnvVarsInLog = 0;
		};
/* End PBXShellScriptBuildPhase section */

/* Begin PBXSourcesBuildPhase section */
		BCC4820E2560DA7E00696FB6 /* Sources */ = {
			isa = PBXSourcesBuildPhase;
			buildActionMask = 2147483647;
			files = (
				BCC4821A2560DA7E00696FB6 /* ViewController.swift in Sources */,
				BCC482162560DA7E00696FB6 /* AppDelegate.swift in Sources */,
				BCC482352561E91300696FB6 /* DashboardViewController.swift in Sources */,
				BCC48231256101B800696FB6 /* Utilities.swift in Sources */,
				BCC482182560DA7E00696FB6 /* SceneDelegate.swift in Sources */,
			);
			runOnlyForDeploymentPostprocessing = 0;
		};
/* End PBXSourcesBuildPhase section */

/* Begin PBXVariantGroup section */
		BCC4821B2560DA7E00696FB6 /* Main.storyboard */ = {
			isa = PBXVariantGroup;
			children = (
				BCC4821C2560DA7E00696FB6 /* Base */,
			);
			name = Main.storyboard;
			sourceTree = "<group>";
		};
		BCC482202560DA8600696FB6 /* LaunchScreen.storyboard */ = {
			isa = PBXVariantGroup;
			children = (
				BCC482212560DA8600696FB6 /* Base */,
			);
			name = LaunchScreen.storyboard;
			sourceTree = "<group>";
		};
/* End PBXVariantGroup section */

/* Begin XCBuildConfiguration section */
		BCC482242560DA8600696FB6 /* Debug */ = {
			isa = XCBuildConfiguration;
			buildSettings = {
				ALWAYS_SEARCH_USER_PATHS = NO;
				CLANG_ANALYZER_NONNULL = YES;
				CLANG_ANALYZER_NUMBER_OBJECT_CONVERSION = YES_AGGRESSIVE;
				CLANG_CXX_LANGUAGE_STANDARD = "gnu++14";
				CLANG_CXX_LIBRARY = "libc++";
				CLANG_ENABLE_MODULES = YES;
				CLANG_ENABLE_OBJC_ARC = YES;
				CLANG_ENABLE_OBJC_WEAK = YES;
				CLANG_WARN_BLOCK_CAPTURE_AUTORELEASING = YES;
				CLANG_WARN_BOOL_CONVERSION = YES;
				CLANG_WARN_COMMA = YES;
				CLANG_WARN_CONSTANT_CONVERSION = YES;
				CLANG_WARN_DEPRECATED_OBJC_IMPLEMENTATIONS = YES;
				CLANG_WARN_DIRECT_OBJC_ISA_USAGE = YES_ERROR;
				CLANG_WARN_DOCUMENTATION_COMMENTS = YES;
				CLANG_WARN_EMPTY_BODY = YES;
				CLANG_WARN_ENUM_CONVERSION = YES;
				CLANG_WARN_INFINITE_RECURSION = YES;
				CLANG_WARN_INT_CONVERSION = YES;
				CLANG_WARN_NON_LITERAL_NULL_CONVERSION = YES;
				CLANG_WARN_OBJC_IMPLICIT_RETAIN_SELF = YES;
				CLANG_WARN_OBJC_LITERAL_CONVERSION = YES;
				CLANG_WARN_OBJC_ROOT_CLASS = YES_ERROR;
				CLANG_WARN_QUOTED_INCLUDE_IN_FRAMEWORK_HEADER = YES;
				CLANG_WARN_RANGE_LOOP_ANALYSIS = YES;
				CLANG_WARN_STRICT_PROTOTYPES = YES;
				CLANG_WARN_SUSPICIOUS_MOVE = YES;
				CLANG_WARN_UNGUARDED_AVAILABILITY = YES_AGGRESSIVE;
				CLANG_WARN_UNREACHABLE_CODE = YES;
				CLANG_WARN__DUPLICATE_METHOD_MATCH = YES;
				COPY_PHASE_STRIP = NO;
				DEBUG_INFORMATION_FORMAT = dwarf;
				ENABLE_STRICT_OBJC_MSGSEND = YES;
				ENABLE_TESTABILITY = YES;
				GCC_C_LANGUAGE_STANDARD = gnu11;
				GCC_DYNAMIC_NO_PIC = NO;
				GCC_NO_COMMON_BLOCKS = YES;
				GCC_OPTIMIZATION_LEVEL = 0;
				GCC_PREPROCESSOR_DEFINITIONS = (
					"DEBUG=1",
					"$(inherited)",
				);
				GCC_WARN_64_TO_32_BIT_CONVERSION = YES;
				GCC_WARN_ABOUT_RETURN_TYPE = YES_ERROR;
				GCC_WARN_UNDECLARED_SELECTOR = YES;
				GCC_WARN_UNINITIALIZED_AUTOS = YES_AGGRESSIVE;
				GCC_WARN_UNUSED_FUNCTION = YES;
				GCC_WARN_UNUSED_VARIABLE = YES;
				IPHONEOS_DEPLOYMENT_TARGET = 14.0;
				MTL_ENABLE_DEBUG_INFO = INCLUDE_SOURCE;
				MTL_FAST_MATH = YES;
				ONLY_ACTIVE_ARCH = YES;
				SDKROOT = iphoneos;
				SWIFT_ACTIVE_COMPILATION_CONDITIONS = DEBUG;
				SWIFT_OPTIMIZATION_LEVEL = "-Onone";
			};
			name = Debug;
		};
		BCC482252560DA8600696FB6 /* Release */ = {
			isa = XCBuildConfiguration;
			buildSettings = {
				ALWAYS_SEARCH_USER_PATHS = NO;
				CLANG_ANALYZER_NONNULL = YES;
				CLANG_ANALYZER_NUMBER_OBJECT_CONVERSION = YES_AGGRESSIVE;
				CLANG_CXX_LANGUAGE_STANDARD = "gnu++14";
				CLANG_CXX_LIBRARY = "libc++";
				CLANG_ENABLE_MODULES = YES;
				CLANG_ENABLE_OBJC_ARC = YES;
				CLANG_ENABLE_OBJC_WEAK = YES;
				CLANG_WARN_BLOCK_CAPTURE_AUTORELEASING = YES;
				CLANG_WARN_BOOL_CONVERSION = YES;
				CLANG_WARN_COMMA = YES;
				CLANG_WARN_CONSTANT_CONVERSION = YES;
				CLANG_WARN_DEPRECATED_OBJC_IMPLEMENTATIONS = YES;
				CLANG_WARN_DIRECT_OBJC_ISA_USAGE = YES_ERROR;
				CLANG_WARN_DOCUMENTATION_COMMENTS = YES;
				CLANG_WARN_EMPTY_BODY = YES;
				CLANG_WARN_ENUM_CONVERSION = YES;
				CLANG_WARN_INFINITE_RECURSION = YES;
				CLANG_WARN_INT_CONVERSION = YES;
				CLANG_WARN_NON_LITERAL_NULL_CONVERSION = YES;
				CLANG_WARN_OBJC_IMPLICIT_RETAIN_SELF = YES;
				CLANG_WARN_OBJC_LITERAL_CONVERSION = YES;
				CLANG_WARN_OBJC_ROOT_CLASS = YES_ERROR;
				CLANG_WARN_QUOTED_INCLUDE_IN_FRAMEWORK_HEADER = YES;
				CLANG_WARN_RANGE_LOOP_ANALYSIS = YES;
				CLANG_WARN_STRICT_PROTOTYPES = YES;
				CLANG_WARN_SUSPICIOUS_MOVE = YES;
				CLANG_WARN_UNGUARDED_AVAILABILITY = YES_AGGRESSIVE;
				CLANG_WARN_UNREACHABLE_CODE = YES;
				CLANG_WARN__DUPLICATE_METHOD_MATCH = YES;
				COPY_PHASE_STRIP = NO;
				DEBUG_INFORMATION_FORMAT = "dwarf-with-dsym";
				ENABLE_NS_ASSERTIONS = NO;
				ENABLE_STRICT_OBJC_MSGSEND = YES;
				GCC_C_LANGUAGE_STANDARD = gnu11;
				GCC_NO_COMMON_BLOCKS = YES;
				GCC_WARN_64_TO_32_BIT_CONVERSION = YES;
				GCC_WARN_ABOUT_RETURN_TYPE = YES_ERROR;
				GCC_WARN_UNDECLARED_SELECTOR = YES;
				GCC_WARN_UNINITIALIZED_AUTOS = YES_AGGRESSIVE;
				GCC_WARN_UNUSED_FUNCTION = YES;
				GCC_WARN_UNUSED_VARIABLE = YES;
				IPHONEOS_DEPLOYMENT_TARGET = 14.0;
				MTL_ENABLE_DEBUG_INFO = NO;
				MTL_FAST_MATH = YES;
				SDKROOT = iphoneos;
				SWIFT_COMPILATION_MODE = wholemodule;
				SWIFT_OPTIMIZATION_LEVEL = "-O";
				VALIDATE_PRODUCT = YES;
			};
			name = Release;
		};
		BCC482272560DA8600696FB6 /* Debug */ = {
			isa = XCBuildConfiguration;
			baseConfigurationReference = F3A6E8837101D99528417702 /* Pods-CreateUser.debug.xcconfig */;
			buildSettings = {
				ASSETCATALOG_COMPILER_APPICON_NAME = AppIcon;
				ASSETCATALOG_COMPILER_GLOBAL_ACCENT_COLOR_NAME = AccentColor;
				CODE_SIGN_STYLE = Automatic;
				DEVELOPMENT_TEAM = RAW4ZJ4ZZK;
				INFOPLIST_FILE = CreateUser/Info.plist;
				LD_RUNPATH_SEARCH_PATHS = (
					"$(inherited)",
					"@executable_path/Frameworks",
				);
				PRODUCT_BUNDLE_IDENTIFIER = edu.northeastern.lengh.CreateUser;
				PRODUCT_NAME = "$(TARGET_NAME)";
				SWIFT_VERSION = 5.0;
				TARGETED_DEVICE_FAMILY = "1,2";
			};
			name = Debug;
		};
		BCC482282560DA8600696FB6 /* Release */ = {
			isa = XCBuildConfiguration;
			baseConfigurationReference = B285FF2C373C363D0162A037 /* Pods-CreateUser.release.xcconfig */;
			buildSettings = {
				ASSETCATALOG_COMPILER_APPICON_NAME = AppIcon;
				ASSETCATALOG_COMPILER_GLOBAL_ACCENT_COLOR_NAME = AccentColor;
				CODE_SIGN_STYLE = Automatic;
				DEVELOPMENT_TEAM = RAW4ZJ4ZZK;
				INFOPLIST_FILE = CreateUser/Info.plist;
				LD_RUNPATH_SEARCH_PATHS = (
					"$(inherited)",
					"@executable_path/Frameworks",
				);
				PRODUCT_BUNDLE_IDENTIFIER = edu.northeastern.lengh.CreateUser;
				PRODUCT_NAME = "$(TARGET_NAME)";
				SWIFT_VERSION = 5.0;
				TARGETED_DEVICE_FAMILY = "1,2";
			};
			name = Release;
		};
/* End XCBuildConfiguration section */

/* Begin XCConfigurationList section */
		BCC4820D2560DA7E00696FB6 /* Build configuration list for PBXProject "CreateUser" */ = {
			isa = XCConfigurationList;
			buildConfigurations = (
				BCC482242560DA8600696FB6 /* Debug */,
				BCC482252560DA8600696FB6 /* Release */,
			);
			defaultConfigurationIsVisible = 0;
			defaultConfigurationName = Release;
		};
		BCC482262560DA8600696FB6 /* Build configuration list for PBXNativeTarget "CreateUser" */ = {
			isa = XCConfigurationList;
			buildConfigurations = (
				BCC482272560DA8600696FB6 /* Debug */,
				BCC482282560DA8600696FB6 /* Release */,
			);
			defaultConfigurationIsVisible = 0;
			defaultConfigurationName = Release;
		};
/* End XCConfigurationList section */
	};
	rootObject = BCC4820A2560DA7E00696FB6 /* Project object */;
}
